<?xml version="1.0" encoding="utf-8"?>
<Project ToolsVersion="4.0" xmlns="http://schemas.microsoft.com/developer/msbuild/2003">
  <ItemGroup>
    <Filter Include="Source Files">
      <UniqueIdentifier>{4FC737F1-C7A5-4376-A066-2A32D752A2FF}</UniqueIdentifier>
      <Extensions>cpp;c;cc;cxx;def;odl;idl;hpj;bat;asm;asmx</Extensions>
    </Filter>
    <Filter Include="Resource Files">
      <UniqueIdentifier>{67DA6AB6-F800-4c08-8B7A-83BB121AAD01}</UniqueIdentifier>
      <Extensions>rc;ico;cur;bmp;dlg;rc2;rct;bin;rgs;gif;jpg;jpeg;jpe;resx;tiff;tif;png;wav;mfcribbon-ms</Extensions>
    </Filter>
    <Filter Include="Resource Files\Assets">
      <UniqueIdentifier>{438ed3a8-f0f5-4167-8afc-702a30a358b8}</UniqueIdentifier>
    </Filter>
    <Filter Include="Resource Files\Assets\MenuAssets">
      <UniqueIdentifier>{8744438f-3ff5-4853-a376-792f8e48bb87}</UniqueIdentifier>
    </Filter>
    <Filter Include="Header Files">
      <UniqueIdentifier>{93995380-89BD-4b04-88EB-625FBE52EBFB}</UniqueIdentifier>
      <Extensions>h;hh;hpp;hxx;hm;inl;inc;ipp;xsd</Extensions>
    </Filter>
  </ItemGroup>
  <ItemGroup>
    <ClInclude Include="Resource.h">
      <Filter>Header Files</Filter>
    </ClInclude>
    <ClInclude Include="source\Camera.h">
      <Filter>Header Files</Filter>
    </ClInclude>
    <ClInclude Include="source\InputHandler.h">
      <Filter>Header Files</Filter>
    </ClInclude>
    <ClInclude Include="stdafx.h">
      <Filter>Header Files</Filter>
    </ClInclude>
    <ClInclude Include="targetver.h">
      <Filter>Header Files</Filter>
    </ClInclude>
    <ClInclude Include="source\Timer.h">
      <Filter>Header Files</Filter>
    </ClInclude>
    <ClInclude Include="Main.h">
      <Filter>Header Files</Filter>
    </ClInclude>
    <ClInclude Include="Window.h">
      <Filter>Header Files</Filter>
    </ClInclude>
    <ClInclude Include="Direct2DEngine.h">
      <Filter>Header Files</Filter>
    </ClInclude>
    <ClInclude Include="Button.h">
      <Filter>Header Files</Filter>
    </ClInclude>
    <ClInclude Include="MainMenu.h">
      <Filter>Header Files</Filter>
    </ClInclude>
    <ClInclude Include="MenuManager.h">
      <Filter>Header Files</Filter>
    </ClInclude>
    <ClInclude Include="Background.h">
      <Filter>Header Files</Filter>
    </ClInclude>
    <ClInclude Include="source\Direct3DEngine.h">
      <Filter>Header Files</Filter>
    </ClInclude>
    <ClInclude Include="TEST_SCENE.h">
      <Filter>Header Files</Filter>
    </ClInclude>
    <ClInclude Include="source\Collision.h">
      <Filter>Header Files</Filter>
    </ClInclude>
    <ClInclude Include="source\CollisionBox.h">
      <Filter>Header Files</Filter>
    </ClInclude>
    <ClInclude Include="source\Enumerators.h">
      <Filter>Header Files</Filter>
    </ClInclude>
    <ClInclude Include="source\Geometry.h">
      <Filter>Header Files</Filter>
    </ClInclude>
    <ClInclude Include="source\Level.h">
      <Filter>Header Files</Filter>
    </ClInclude>
    <ClInclude Include="source\LevelManager.h">
      <Filter>Header Files</Filter>
    </ClInclude>
    <ClInclude Include="source\LevelOne.h">
      <Filter>Header Files</Filter>
    </ClInclude>
    <ClInclude Include="source\ModelBase.h">
      <Filter>Header Files</Filter>
    </ClInclude>
    <ClInclude Include="source\ObjectImporter.h">
      <Filter>Header Files</Filter>
    </ClInclude>
    <ClInclude Include="source\Player.h">
      <Filter>Header Files</Filter>
    </ClInclude>
    <ClInclude Include="source\Shaders.h">
      <Filter>Header Files</Filter>
    </ClInclude>
    <ClInclude Include="source\TerrainManager.h">
      <Filter>Header Files</Filter>
    </ClInclude>
    <ClInclude Include="source\TerrainModel.h">
      <Filter>Header Files</Filter>
    </ClInclude>
    <ClInclude Include="source\WallModel.h">
      <Filter>Header Files</Filter>
    </ClInclude>
    <ClInclude Include="source\StructHelper.h">
      <Filter>Header Files</Filter>
    </ClInclude>
    <ClInclude Include="AssetsPaths.h">
      <Filter>Header Files</Filter>
    </ClInclude>
  </ItemGroup>
  <ItemGroup>
    <ClCompile Include="stdafx.cpp">
      <Filter>Source Files</Filter>
    </ClCompile>
    <ClCompile Include="source\Camera.cpp">
      <Filter>Source Files</Filter>
    </ClCompile>
    <ClCompile Include="source\InputHandler.cpp">
      <Filter>Source Files</Filter>
    </ClCompile>
    <ClCompile Include="Main.cpp">
      <Filter>Source Files</Filter>
    </ClCompile>
    <ClCompile Include="Window.cpp">
      <Filter>Source Files</Filter>
    </ClCompile>
    <ClCompile Include="Direct2DEngine.cpp">
      <Filter>Source Files</Filter>
    </ClCompile>
    <ClCompile Include="Button.cpp">
      <Filter>Source Files</Filter>
    </ClCompile>
    <ClCompile Include="MainMenu.cpp">
      <Filter>Source Files</Filter>
    </ClCompile>
    <ClCompile Include="MenuManager.cpp">
      <Filter>Source Files</Filter>
    </ClCompile>
    <ClCompile Include="Background.cpp">
      <Filter>Source Files</Filter>
    </ClCompile>
    <ClCompile Include="source\Direct3DEngine.cpp">
      <Filter>Source Files</Filter>
    </ClCompile>
    <ClCompile Include="TEST_SCENE.cpp">
      <Filter>Source Files</Filter>
    </ClCompile>
    <ClCompile Include="source\Collision.cpp">
      <Filter>Source Files</Filter>
    </ClCompile>
    <ClCompile Include="source\CollisionBox.cpp">
      <Filter>Source Files</Filter>
    </ClCompile>
    <ClCompile Include="source\Geometry.cpp">
      <Filter>Source Files</Filter>
    </ClCompile>
    <ClCompile Include="source\Level.cpp">
      <Filter>Source Files</Filter>
    </ClCompile>
    <ClCompile Include="source\LevelManager.cpp">
      <Filter>Source Files</Filter>
    </ClCompile>
    <ClCompile Include="source\LevelOne.cpp">
      <Filter>Source Files</Filter>
    </ClCompile>
    <ClCompile Include="source\ModelBase.cpp">
      <Filter>Source Files</Filter>
    </ClCompile>
    <ClCompile Include="source\ObjectImporter.cpp">
      <Filter>Source Files</Filter>
    </ClCompile>
    <ClCompile Include="source\Shaders.cpp">
      <Filter>Source Files</Filter>
    </ClCompile>
    <ClCompile Include="source\TerrainModel.cpp">
      <Filter>Source Files</Filter>
    </ClCompile>
    <ClCompile Include="source\WallModel.cpp">
      <Filter>Source Files</Filter>
    </ClCompile>
  </ItemGroup>
  <ItemGroup>
    <ResourceCompile Include="MerlinsTrialsOfficial.rc">
      <Filter>Resource Files</Filter>
    </ResourceCompile>
  </ItemGroup>
  <ItemGroup>
    <Image Include="small.ico">
      <Filter>Resource Files</Filter>
    </Image>
    <Image Include="MerlinsTrialsOfficial.ico">
      <Filter>Resource Files</Filter>
    </Image>
    <Image Include="Assets\MenuAssets\buttons.png">
      <Filter>Resource Files\Assets\MenuAssets</Filter>
    </Image>
    <Image Include="Assets\MenuAssets\main_menu_background.png">
      <Filter>Resource Files\Assets\MenuAssets</Filter>
    </Image>
  </ItemGroup>
  <ItemGroup>
    <None Include="packages.config" />
  </ItemGroup>
</Project>